{
  "requires": true,
  "lockfileVersion": 1,
  "dependencies": {
    "@algolia/cache-browser-local-storage": {
      "version": "4.10.5",
      "resolved": "https://registry.npmjs.org/@algolia/cache-browser-local-storage/-/cache-browser-local-storage-4.10.5.tgz",
      "integrity": "sha512-cfX2rEKOtuuljcGI5DMDHClwZHdDqd2nT2Ohsc8aHtBiz6bUxKVyIqxr2gaC6tU8AgPtrTVBzcxCA+UavXpKww==",
      "requires": {
        "@algolia/cache-common": "4.10.5"
      }
    },
    "@algolia/cache-common": {
      "version": "4.10.5",
      "resolved": "https://registry.npmjs.org/@algolia/cache-common/-/cache-common-4.10.5.tgz",
      "integrity": "sha512-1mClwdmTHll+OnHkG+yeRoFM17kSxDs4qXkjf6rNZhoZGXDvfYLy3YcZ1FX4Kyz0DJv8aroq5RYGBDsWkHj6Tw=="
    },
    "@algolia/cache-in-memory": {
      "version": "4.10.5",
      "resolved": "https://registry.npmjs.org/@algolia/cache-in-memory/-/cache-in-memory-4.10.5.tgz",
      "integrity": "sha512-+ciQnfIGi5wjMk02XhEY8fmy2pzy+oY1nIIfu8LBOglaSipCRAtjk6WhHc7/KIbXPiYzIwuDbM2K1+YOwSGjwA==",
      "requires": {
        "@algolia/cache-common": "4.10.5"
      }
    },
    "@algolia/client-account": {
      "version": "4.10.5",
      "resolved": "https://registry.npmjs.org/@algolia/client-account/-/client-account-4.10.5.tgz",
      "integrity": "sha512-I9UkSS2glXm7RBZYZIALjBMmXSQbw/fI/djPcBHxiwXIheNIlqIFl2SNPkvihpPF979BSkzjqdJNRPhE1vku3Q==",
      "requires": {
        "@algolia/client-common": "4.10.5",
        "@algolia/client-search": "4.10.5",
        "@algolia/transporter": "4.10.5"
      }
    },
    "@algolia/client-analytics": {
      "version": "4.10.5",
      "resolved": "https://registry.npmjs.org/@algolia/client-analytics/-/client-analytics-4.10.5.tgz",
      "integrity": "sha512-h2owwJSkovPxzc+xIsjY1pMl0gj+jdVwP9rcnGjlaTY2fqHbSLrR9yvGyyr6305LvTppxsQnfAbRdE/5Z3eFxw==",
      "requires": {
        "@algolia/client-common": "4.10.5",
        "@algolia/client-search": "4.10.5",
        "@algolia/requester-common": "4.10.5",
        "@algolia/transporter": "4.10.5"
      }
    },
    "@algolia/client-common": {
      "version": "4.10.5",
      "resolved": "https://registry.npmjs.org/@algolia/client-common/-/client-common-4.10.5.tgz",
      "integrity": "sha512-21FAvIai5qm8DVmZHm2Gp4LssQ/a0nWwMchAx+1hIRj1TX7OcdW6oZDPyZ8asQdvTtK7rStQrRnD8a95SCUnzA==",
      "requires": {
        "@algolia/requester-common": "4.10.5",
        "@algolia/transporter": "4.10.5"
      }
    },
    "@algolia/client-personalization": {
      "version": "4.10.5",
      "resolved": "https://registry.npmjs.org/@algolia/client-personalization/-/client-personalization-4.10.5.tgz",
      "integrity": "sha512-nH+IyFKBi8tCyzGOanJTbXC5t4dspSovX3+ABfmwKWUYllYzmiQNFUadpb3qo+MLA3jFx5IwBesjneN6dD5o3w==",
      "requires": {
        "@algolia/client-common": "4.10.5",
        "@algolia/requester-common": "4.10.5",
        "@algolia/transporter": "4.10.5"
      }
    },
    "@algolia/client-search": {
      "version": "4.10.5",
      "resolved": "https://registry.npmjs.org/@algolia/client-search/-/client-search-4.10.5.tgz",
      "integrity": "sha512-1eQFMz9uodrc5OM+9HeT+hHcfR1E1AsgFWXwyJ9Q3xejA2c1c4eObGgOgC9ZoshuHHdptaTN1m3rexqAxXRDBg==",
      "requires": {
        "@algolia/client-common": "4.10.5",
        "@algolia/requester-common": "4.10.5",
        "@algolia/transporter": "4.10.5"
      }
    },
    "@algolia/logger-common": {
      "version": "4.10.5",
      "resolved": "https://registry.npmjs.org/@algolia/logger-common/-/logger-common-4.10.5.tgz",
      "integrity": "sha512-gRJo9zt1UYP4k3woEmZm4iuEBIQd/FrArIsjzsL/b+ihNoOqIxZKTSuGFU4UUZOEhvmxDReiA4gzvQXG+TMTmA=="
    },
    "@algolia/logger-console": {
      "version": "4.10.5",
      "resolved": "https://registry.npmjs.org/@algolia/logger-console/-/logger-console-4.10.5.tgz",
      "integrity": "sha512-4WfIbn4253EDU12u9UiYvz+QTvAXDv39mKNg9xSoMCjKE5szcQxfcSczw2byc6pYhahOJ9PmxPBfs1doqsdTKQ==",
      "requires": {
        "@algolia/logger-common": "4.10.5"
      }
    },
    "@algolia/requester-browser-xhr": {
      "version": "4.10.5",
      "resolved": "https://registry.npmjs.org/@algolia/requester-browser-xhr/-/requester-browser-xhr-4.10.5.tgz",
      "integrity": "sha512-53/MURQEqtK+bGdfq4ITSPwTh5hnADU99qzvpAINGQveUFNSFGERipJxHjTJjIrjFz3vxj5kKwjtxDnU6ygO9g==",
      "requires": {
        "@algolia/requester-common": "4.10.5"
      }
    },
    "@algolia/requester-common": {
      "version": "4.10.5",
      "resolved": "https://registry.npmjs.org/@algolia/requester-common/-/requester-common-4.10.5.tgz",
      "integrity": "sha512-UkVa1Oyuj6NPiAEt5ZvrbVopEv1m/mKqjs40KLB+dvfZnNcj+9Fry4Oxnt15HMy/HLORXsx4UwcthAvBuOXE9Q=="
    },
    "@algolia/requester-node-http": {
      "version": "4.10.5",
      "resolved": "https://registry.npmjs.org/@algolia/requester-node-http/-/requester-node-http-4.10.5.tgz",
      "integrity": "sha512-aNEKVKXL4fiiC+bS7yJwAHdxln81ieBwY3tsMCtM4zF9f5KwCzY2OtN4WKEZa5AAADVcghSAUdyjs4AcGUlO5w==",
      "requires": {
        "@algolia/requester-common": "4.10.5"
      }
    },
    "@algolia/transporter": {
      "version": "4.10.5",
      "resolved": "https://registry.npmjs.org/@algolia/transporter/-/transporter-4.10.5.tgz",
      "integrity": "sha512-F8DLkmIlvCoMwSCZA3FKHtmdjH3o5clbt0pi2ktFStVNpC6ZDmY307HcK619bKP5xW6h8sVJhcvrLB775D2cyA==",
      "requires": {
        "@algolia/cache-common": "4.10.5",
        "@algolia/logger-common": "4.10.5",
        "@algolia/requester-common": "4.10.5"
      }
    },
    "algoliasearch": {
      "version": "4.10.5",
      "resolved": "https://registry.npmjs.org/algoliasearch/-/algoliasearch-4.10.5.tgz",
      "integrity": "sha512-KmH2XkiN+8FxhND4nWFbQDkIoU6g2OjfeU9kIv4Lb+EiOOs3Gpp7jvd+JnatsCisAZsnWQdjd7zVlW7I/85QvQ==",
      "requires": {
        "@algolia/cache-browser-local-storage": "4.10.5",
        "@algolia/cache-common": "4.10.5",
        "@algolia/cache-in-memory": "4.10.5",
        "@algolia/client-account": "4.10.5",
        "@algolia/client-analytics": "4.10.5",
        "@algolia/client-common": "4.10.5",
        "@algolia/client-personalization": "4.10.5",
        "@algolia/client-search": "4.10.5",
        "@algolia/logger-common": "4.10.5",
        "@algolia/logger-console": "4.10.5",
        "@algolia/requester-browser-xhr": "4.10.5",
        "@algolia/requester-common": "4.10.5",
        "@algolia/requester-node-http": "4.10.5",
        "@algolia/transporter": "4.10.5"
      }
    },
    "bootstrap": {
      "version": "5.1.1",
      "resolved": "https://registry.npmjs.org/bootstrap/-/bootstrap-5.1.1.tgz",
      "integrity": "sha512-/jUa4sSuDZWlDLQ1gwQQR8uoYSvLJzDd8m5o6bPKh3asLAMYVZKdRCjb1joUd5WXf0WwCNzd2EjwQQhupou0dA=="
    },
    "nodes": {
      "version": "0.1.0",
      "resolved": "https://registry.npmjs.org/nodes/-/nodes-0.1.0.tgz",
      "integrity": "sha1-ckpiyj9q5BR4UQt/fRejPUagjAY=",
      "requires": {
        "slick": "~1.12.2"
      }
    },
    "slick": {
      "version": "1.12.2",
      "resolved": "https://registry.npmjs.org/slick/-/slick-1.12.2.tgz",
      "integrity": "sha1-vQSN23TefRymkV+qSldXCzVQwtc="
    }
  }
}
